
Microsoft Visual Studio Solution File, Format Version 12.00
# Visual Studio Version 17
VisualStudioVersion = 17.14.36109.1 d17.14
MinimumVisualStudioVersion = 10.0.40219.1
Project("{FAE04EC0-301F-11D3-BF4B-00C04F79EFBC}") = "Firstproject.Asp.Net.Core", "Firstproject.Asp.Net.Core.csproj", "{6D41949A-44B6-4EE5-9FC9-0BE88C8576A3}"
EndProject
Global
	GlobalSection(SolutionConfigurationPlatforms) = preSolution
		Debug|Any CPU = Debug|Any CPU
		Release|Any CPU = Release|Any CPU
	EndGlobalSection
	GlobalSection(ProjectConfigurationPlatforms) = postSolution
		{6D41949A-44B6-4EE5-9FC9-0BE88C8576A3}.Debug|Any CPU.ActiveCfg = Debug|Any CPU
		{6D41949A-44B6-4EE5-9FC9-0BE88C8576A3}.Debug|Any CPU.Build.0 = Debug|Any CPU
		{6D41949A-44B6-4EE5-9FC9-0BE88C8576A3}.Release|Any CPU.ActiveCfg = Release|Any CPU
		{6D41949A-44B6-4EE5-9FC9-0BE88C8576A3}.Release|Any CPU.Build.0 = Release|Any CPU
	EndGlobalSection
	GlobalSection(SolutionProperties) = preSolution
		HideSolutionNode = FALSE
	EndGlobalSection
	GlobalSection(ExtensibilityGlobals) = postSolution
		SolutionGuid = {AA0CECCC-74DA-408F-B7DE-08CFD35ACF6A}
	EndGlobalSection
EndGlobal
